
Microsoft Visual Studio Solution File, Format Version 12.00
# Visual Studio Version 17
VisualStudioVersion = 17.14.37012.4 d17.14
MinimumVisualStudioVersion = 10.0.40219.1
Project("{8BC9CEB8-8B4A-11D0-8D11-00A0C91BC942}") = "L20260311_Pointer2", "L20260311_Pointer2.vcxproj", "{806CCE01-9AAE-4F63-ABAC-12188A6B5D2B}"
EndProject
Global
	GlobalSection(SolutionConfigurationPlatforms) = preSolution
		Debug|x64 = Debug|x64
		Debug|x86 = Debug|x86
		Release|x64 = Release|x64
		Release|x86 = Release|x86
	EndGlobalSection
	GlobalSection(ProjectConfigurationPlatforms) = postSolution
		{806CCE01-9AAE-4F63-ABAC-12188A6B5D2B}.Debug|x64.ActiveCfg = Debug|x64
		{806CCE01-9AAE-4F63-ABAC-12188A6B5D2B}.Debug|x64.Build.0 = Debug|x64
		{806CCE01-9AAE-4F63-ABAC-12188A6B5D2B}.Debug|x86.ActiveCfg = Debug|Win32
		{806CCE01-9AAE-4F63-ABAC-12188A6B5D2B}.Debug|x86.Build.0 = Debug|Win32
		{806CCE01-9AAE-4F63-ABAC-12188A6B5D2B}.Release|x64.ActiveCfg = Release|x64
		{806CCE01-9AAE-4F63-ABAC-12188A6B5D2B}.Release|x64.Build.0 = Release|x64
		{806CCE01-9AAE-4F63-ABAC-12188A6B5D2B}.Release|x86.ActiveCfg = Release|Win32
		{806CCE01-9AAE-4F63-ABAC-12188A6B5D2B}.Release|x86.Build.0 = Release|Win32
	EndGlobalSection
	GlobalSection(SolutionProperties) = preSolution
		HideSolutionNode = FALSE
	EndGlobalSection
	GlobalSection(ExtensibilityGlobals) = postSolution
		SolutionGuid = {BF1484E4-E423-4F14-8B1C-F212F7320A8E}
	EndGlobalSection
EndGlobal
